
Microsoft Visual Studio Solution File, Format Version 12.00
# Visual Studio Version 16
VisualStudioVersion = 16.0.30011.22
MinimumVisualStudioVersion = 10.0.40219.1
Project("{FAE04EC0-301F-11D3-BF4B-00C04F79EFBC}") = "BlazorHelloWorld", "BlazorHelloWorld\BlazorHelloWorld.csproj", "{0AC63887-1459-4C77-9ADF-74E1938ADD32}"
EndProject
Global
	GlobalSection(SolutionConfigurationPlatforms) = preSolution
		Debug|Any CPU = Debug|Any CPU
		Release|Any CPU = Release|Any CPU
	EndGlobalSection
	GlobalSection(ProjectConfigurationPlatforms) = postSolution
		{0AC63887-1459-4C77-9ADF-74E1938ADD32}.Debug|Any CPU.ActiveCfg = Debug|Any CPU
		{0AC63887-1459-4C77-9ADF-74E1938ADD32}.Debug|Any CPU.Build.0 = Debug|Any CPU
		{0AC63887-1459-4C77-9ADF-74E1938ADD32}.Release|Any CPU.ActiveCfg = Release|Any CPU
		{0AC63887-1459-4C77-9ADF-74E1938ADD32}.Release|Any CPU.Build.0 = Release|Any CPU
	EndGlobalSection
	GlobalSection(SolutionProperties) = preSolution
		HideSolutionNode = FALSE
	EndGlobalSection
	GlobalSection(ExtensibilityGlobals) = postSolution
		SolutionGuid = {8FCD5596-1003-4C78-89AD-EBC1A028A5FA}
	EndGlobalSection
EndGlobal
